
Microsoft Visual Studio Solution File, Format Version 12.00
# Visual Studio Version 17
VisualStudioVersion = 17.14.37710.0
MinimumVisualStudioVersion = 10.0.40219.1
Project("{2150E333-8FDC-42A3-9474-1A3956D46DE8}") = "Task0", "Task0", "{36D591C7-65C7-A0D1-1CBC-10CDE441BDC8}"
EndProject
Project("{FAE04EC0-301F-11D3-BF4B-00C04F79EFBC}") = "Tyuiu.BrovinII.Sprint0.Task0.V0", "Tyuiu.BrovinII.Sprint0.Task0.V0\Tyuiu.BrovinII.Sprint0.Task0.V0.csproj", "{EB9C543E-E583-4F23-9531-3510C91113FC}"
EndProject
Project("{2150E333-8FDC-42A3-9474-1A3956D46DE8}") = "Task1", "Task1", "{FD0E5BB0-C900-48C5-A246-4FD80EB3783F}"
EndProject
Project("{FAE04EC0-301F-11D3-BF4B-00C04F79EFBC}") = "Tyuiu.BrovinII.Sprint0.Task1.V0", "Tyuiu.BrovinII.Sprint0.Task1.V0\Tyuiu.BrovinII.Sprint0.Task1.V0.csproj", "{442C66BF-EA72-4027-9EFE-FCE6E0EEE33B}"
EndProject
Project("{2150E333-8FDC-42A3-9474-1A3956D46DE8}") = "Task2", "Task2", "{520E07B1-42DC-4A6C-AFC0-598465B0DB48}"
EndProject
Project("{FAE04EC0-301F-11D3-BF4B-00C04F79EFBC}") = "Tyuiu.BrovinII.Sprint0.Task2.V0", "Tyuiu.BrovinII.Sprint0.Task2.V0\Tyuiu.BrovinII.Sprint0.Task2.V0.csproj", "{36BF15C0-D2F5-428B-81ED-50B2E4676D68}"
EndProject
Project("{FAE04EC0-301F-11D3-BF4B-00C04F79EFBC}") = "Tyuiu.BrovinII.Sprint0.Task2.V0.Lib", "Tyuiu.BrovinII.Sprint0.Task2.V0.Lib\Tyuiu.BrovinII.Sprint0.Task2.V0.Lib.csproj", "{6C21144B-CAF9-4FA3-82FB-46F35CD6999E}"
EndProject
Project("{FAE04EC0-301F-11D3-BF4B-00C04F79EFBC}") = "Tyuiu.BrovinII.Sprint0.Task2.V0.Test", "Tyuiu.BrovinII.Sprint0.Task2.V0.Test\Tyuiu.BrovinII.Sprint0.Task2.V0.Test.csproj", "{2D2886F7-F388-494A-A69C-4E682C8DCC56}"
EndProject
Project("{2150E333-8FDC-42A3-9474-1A3956D46DE8}") = "Task3", "Task3", "{0AEF52FA-AEC5-4D21-88A5-636D5F699A19}"
EndProject
Project("{FAE04EC0-301F-11D3-BF4B-00C04F79EFBC}") = "Tyuiu.BrovinII.Sprint0.Task3.V0", "Tyuiu.BrovinII.Sprint0.Task3.V0\Tyuiu.BrovinII.Sprint0.Task3.V0.csproj", "{7BA0A31E-A38A-4CA4-A07A-6756355CE734}"
EndProject
Project("{FAE04EC0-301F-11D3-BF4B-00C04F79EFBC}") = "Tyuiu.BrovinII.Sprint0.Task3.V0.Lib", "Tyuiu.BrovinII.Sprint0.Task3.V0.Lib\Tyuiu.BrovinII.Sprint0.Task3.V0.Lib.csproj", "{5AC26A19-554F-4C5F-A922-152EB7C2AE15}"
EndProject
Project("{FAE04EC0-301F-11D3-BF4B-00C04F79EFBC}") = "Tyuiu.BrovinII.Sprint0.Task3.V0.Test", "Tyuiu.BrovinII.Sprint0.Task3.V0.Test\Tyuiu.BrovinII.Sprint0.Task3.V0.Test.csproj", "{E98C499A-F959-4E37-B121-56E37809343B}"
EndProject
Global
	GlobalSection(SolutionConfigurationPlatforms) = preSolution
		Debug|Any CPU = Debug|Any CPU
		Release|Any CPU = Release|Any CPU
	EndGlobalSection
	GlobalSection(ProjectConfigurationPlatforms) = postSolution
		{EB9C543E-E583-4F23-9531-3510C91113FC}.Debug|Any CPU.ActiveCfg = Debug|Any CPU
		{EB9C543E-E583-4F23-9531-3510C91113FC}.Debug|Any CPU.Build.0 = Debug|Any CPU
		{EB9C543E-E583-4F23-9531-3510C91113FC}.Release|Any CPU.ActiveCfg = Release|Any CPU
		{EB9C543E-E583-4F23-9531-3510C91113FC}.Release|Any CPU.Build.0 = Release|Any CPU
		{442C66BF-EA72-4027-9EFE-FCE6E0EEE33B}.Debug|Any CPU.ActiveCfg = Debug|Any CPU
		{442C66BF-EA72-4027-9EFE-FCE6E0EEE33B}.Debug|Any CPU.Build.0 = Debug|Any CPU
		{442C66BF-EA72-4027-9EFE-FCE6E0EEE33B}.Release|Any CPU.ActiveCfg = Release|Any CPU
		{442C66BF-EA72-4027-9EFE-FCE6E0EEE33B}.Release|Any CPU.Build.0 = Release|Any CPU
		{36BF15C0-D2F5-428B-81ED-50B2E4676D68}.Debug|Any CPU.ActiveCfg = Debug|Any CPU
		{36BF15C0-D2F5-428B-81ED-50B2E4676D68}.Debug|Any CPU.Build.0 = Debug|Any CPU
		{36BF15C0-D2F5-428B-81ED-50B2E4676D68}.Release|Any CPU.ActiveCfg = Release|Any CPU
		{36BF15C0-D2F5-428B-81ED-50B2E4676D68}.Release|Any CPU.Build.0 = Release|Any CPU
		{6C21144B-CAF9-4FA3-82FB-46F35CD6999E}.Debug|Any CPU.ActiveCfg = Debug|Any CPU
		{6C21144B-CAF9-4FA3-82FB-46F35CD6999E}.Debug|Any CPU.Build.0 = Debug|Any CPU
		{6C21144B-CAF9-4FA3-82FB-46F35CD6999E}.Release|Any CPU.ActiveCfg = Release|Any CPU
		{6C21144B-CAF9-4FA3-82FB-46F35CD6999E}.Release|Any CPU.Build.0 = Release|Any CPU
		{2D2886F7-F388-494A-A69C-4E682C8DCC56}.Debug|Any CPU.ActiveCfg = Debug|Any CPU
		{2D2886F7-F388-494A-A69C-4E682C8DCC56}.Debug|Any CPU.Build.0 = Debug|Any CPU
		{2D2886F7-F388-494A-A69C-4E682C8DCC56}.Release|Any CPU.ActiveCfg = Release|Any CPU
		{2D2886F7-F388-494A-A69C-4E682C8DCC56}.Release|Any CPU.Build.0 = Release|Any CPU
		{7BA0A31E-A38A-4CA4-A07A-6756355CE734}.Debug|Any CPU.ActiveCfg = Debug|Any CPU
		{7BA0A31E-A38A-4CA4-A07A-6756355CE734}.Debug|Any CPU.Build.0 = Debug|Any CPU
		{7BA0A31E-A38A-4CA4-A07A-6756355CE734}.Release|Any CPU.ActiveCfg = Release|Any CPU
		{7BA0A31E-A38A-4CA4-A07A-6756355CE734}.Release|Any CPU.Build.0 = Release|Any CPU
		{5AC26A19-554F-4C5F-A922-152EB7C2AE15}.Debug|Any CPU.ActiveCfg = Debug|Any CPU
		{5AC26A19-554F-4C5F-A922-152EB7C2AE15}.Debug|Any CPU.Build.0 = Debug|Any CPU
		{5AC26A19-554F-4C5F-A922-152EB7C2AE15}.Release|Any CPU.ActiveCfg = Release|Any CPU
		{5AC26A19-554F-4C5F-A922-152EB7C2AE15}.Release|Any CPU.Build.0 = Release|Any CPU
		{E98C499A-F959-4E37-B121-56E37809343B}.Debug|Any CPU.ActiveCfg = Debug|Any CPU
		{E98C499A-F959-4E37-B121-56E37809343B}.Debug|Any CPU.Build.0 = Debug|Any CPU
		{E98C499A-F959-4E37-B121-56E37809343B}.Release|Any CPU.ActiveCfg = Release|Any CPU
		{E98C499A-F959-4E37-B121-56E37809343B}.Release|Any CPU.Build.0 = Release|Any CPU
	EndGlobalSection
	GlobalSection(SolutionProperties) = preSolution
		HideSolutionNode = FALSE
	EndGlobalSection
	GlobalSection(NestedProjects) = preSolution
		{EB9C543E-E583-4F23-9531-3510C91113FC} = {36D591C7-65C7-A0D1-1CBC-10CDE441BDC8}
		{442C66BF-EA72-4027-9EFE-FCE6E0EEE33B} = {FD0E5BB0-C900-48C5-A246-4FD80EB3783F}
		{36BF15C0-D2F5-428B-81ED-50B2E4676D68} = {520E07B1-42DC-4A6C-AFC0-598465B0DB48}
		{6C21144B-CAF9-4FA3-82FB-46F35CD6999E} = {520E07B1-42DC-4A6C-AFC0-598465B0DB48}
		{2D2886F7-F388-494A-A69C-4E682C8DCC56} = {520E07B1-42DC-4A6C-AFC0-598465B0DB48}
		{7BA0A31E-A38A-4CA4-A07A-6756355CE734} = {0AEF52FA-AEC5-4D21-88A5-636D5F699A19}
		{5AC26A19-554F-4C5F-A922-152EB7C2AE15} = {0AEF52FA-AEC5-4D21-88A5-636D5F699A19}
		{E98C499A-F959-4E37-B121-56E37809343B} = {0AEF52FA-AEC5-4D21-88A5-636D5F699A19}
	EndGlobalSection
	GlobalSection(ExtensibilityGlobals) = postSolution
		SolutionGuid = {30A2FE06-79D0-45C9-9E04-D8E582B35DA3}
	EndGlobalSection
EndGlobal
